
Microsoft Visual Studio Solution File, Format Version 12.00
# Visual Studio Version 16
VisualStudioVersion = 16.0.29613.14
MinimumVisualStudioVersion = 10.0.40219.1
Project("{FAE04EC0-301F-11D3-BF4B-00C04F79EFBC}") = "MegaDeskWebApp", "MegaDeskWebApp\MegaDeskWebApp.csproj", "{EC218D82-45F6-4DB2-B410-50DCCAF38597}"
EndProject
Global
	GlobalSection(SolutionConfigurationPlatforms) = preSolution
		Debug|Any CPU = Debug|Any CPU
		Release|Any CPU = Release|Any CPU
	EndGlobalSection
	GlobalSection(ProjectConfigurationPlatforms) = postSolution
		{EC218D82-45F6-4DB2-B410-50DCCAF38597}.Debug|Any CPU.ActiveCfg = Debug|Any CPU
		{EC218D82-45F6-4DB2-B410-50DCCAF38597}.Debug|Any CPU.Build.0 = Debug|Any CPU
		{EC218D82-45F6-4DB2-B410-50DCCAF38597}.Release|Any CPU.ActiveCfg = Release|Any CPU
		{EC218D82-45F6-4DB2-B410-50DCCAF38597}.Release|Any CPU.Build.0 = Release|Any CPU
	EndGlobalSection
	GlobalSection(SolutionProperties) = preSolution
		HideSolutionNode = FALSE
	EndGlobalSection
	GlobalSection(ExtensibilityGlobals) = postSolution
		SolutionGuid = {DB8E9627-4446-45F8-B7CE-C78E78B92E1F}
	EndGlobalSection
EndGlobal
